
Microsoft Visual Studio Solution File, Format Version 12.00
# Visual Studio Version 17
VisualStudioVersion = 17.1.32228.430
MinimumVisualStudioVersion = 10.0.40219.1
Project("{9A19103F-16F7-4668-BE54-9A1E7A4F7556}") = "OwinStaticFilesUsingCore", "OwinStaticFilesUsingCore\OwinStaticFilesUsingCore.csproj", "{062E2287-5B9D-464A-8E4E-25883D0571DB}"
EndProject
Global
	GlobalSection(SolutionConfigurationPlatforms) = preSolution
		Debug|Any CPU = Debug|Any CPU
		Release|Any CPU = Release|Any CPU
	EndGlobalSection
	GlobalSection(ProjectConfigurationPlatforms) = postSolution
		{062E2287-5B9D-464A-8E4E-25883D0571DB}.Debug|Any CPU.ActiveCfg = Debug|Any CPU
		{062E2287-5B9D-464A-8E4E-25883D0571DB}.Debug|Any CPU.Build.0 = Debug|Any CPU
		{062E2287-5B9D-464A-8E4E-25883D0571DB}.Release|Any CPU.ActiveCfg = Release|Any CPU
		{062E2287-5B9D-464A-8E4E-25883D0571DB}.Release|Any CPU.Build.0 = Release|Any CPU
	EndGlobalSection
	GlobalSection(SolutionProperties) = preSolution
		HideSolutionNode = FALSE
	EndGlobalSection
	GlobalSection(ExtensibilityGlobals) = postSolution
		SolutionGuid = {23243DAF-E9C1-4ADB-9A35-D60F36DC2BB8}
	EndGlobalSection
EndGlobal
